
Microsoft Visual Studio Solution File, Format Version 12.00
# Visual Studio Version 17
VisualStudioVersion = 17.0.31903.59
MinimumVisualStudioVersion = 10.0.40219.1
Project("{FAE04EC0-301F-11D3-BF4B-00C04F79EFBC}") = "API", "API\API.csproj", "{5D4770CB-9655-4D45-9C99-3870D1E6FB8B}"
EndProject
Project("{FAE04EC0-301F-11D3-BF4B-00C04F79EFBC}") = "Application", "Application\Application.csproj", "{EEA41148-9C16-49F3-8CAF-30C806A3986C}"
EndProject
Project("{FAE04EC0-301F-11D3-BF4B-00C04F79EFBC}") = "Domain", "Domain\Domain.csproj", "{6880DE1A-16DD-4B8D-82FC-0671F2A9D067}"
EndProject
Project("{FAE04EC0-301F-11D3-BF4B-00C04F79EFBC}") = "Persistence", "Persistence\Persistence.csproj", "{66CB6E33-3065-4919-817C-219E7D243A08}"
EndProject
Global
	GlobalSection(SolutionConfigurationPlatforms) = preSolution
		Debug|Any CPU = Debug|Any CPU
		Release|Any CPU = Release|Any CPU
	EndGlobalSection
	GlobalSection(SolutionProperties) = preSolution
		HideSolutionNode = FALSE
	EndGlobalSection
	GlobalSection(ProjectConfigurationPlatforms) = postSolution
		{5D4770CB-9655-4D45-9C99-3870D1E6FB8B}.Debug|Any CPU.ActiveCfg = Debug|Any CPU
		{5D4770CB-9655-4D45-9C99-3870D1E6FB8B}.Debug|Any CPU.Build.0 = Debug|Any CPU
		{5D4770CB-9655-4D45-9C99-3870D1E6FB8B}.Release|Any CPU.ActiveCfg = Release|Any CPU
		{5D4770CB-9655-4D45-9C99-3870D1E6FB8B}.Release|Any CPU.Build.0 = Release|Any CPU
		{EEA41148-9C16-49F3-8CAF-30C806A3986C}.Debug|Any CPU.ActiveCfg = Debug|Any CPU
		{EEA41148-9C16-49F3-8CAF-30C806A3986C}.Debug|Any CPU.Build.0 = Debug|Any CPU
		{EEA41148-9C16-49F3-8CAF-30C806A3986C}.Release|Any CPU.ActiveCfg = Release|Any CPU
		{EEA41148-9C16-49F3-8CAF-30C806A3986C}.Release|Any CPU.Build.0 = Release|Any CPU
		{6880DE1A-16DD-4B8D-82FC-0671F2A9D067}.Debug|Any CPU.ActiveCfg = Debug|Any CPU
		{6880DE1A-16DD-4B8D-82FC-0671F2A9D067}.Debug|Any CPU.Build.0 = Debug|Any CPU
		{6880DE1A-16DD-4B8D-82FC-0671F2A9D067}.Release|Any CPU.ActiveCfg = Release|Any CPU
		{6880DE1A-16DD-4B8D-82FC-0671F2A9D067}.Release|Any CPU.Build.0 = Release|Any CPU
		{66CB6E33-3065-4919-817C-219E7D243A08}.Debug|Any CPU.ActiveCfg = Debug|Any CPU
		{66CB6E33-3065-4919-817C-219E7D243A08}.Debug|Any CPU.Build.0 = Debug|Any CPU
		{66CB6E33-3065-4919-817C-219E7D243A08}.Release|Any CPU.ActiveCfg = Release|Any CPU
		{66CB6E33-3065-4919-817C-219E7D243A08}.Release|Any CPU.Build.0 = Release|Any CPU
	EndGlobalSection
EndGlobal
